
Microsoft Visual Studio Solution File, Format Version 12.00
# Visual Studio Version 17
VisualStudioVersion = 17.11.35312.102
MinimumVisualStudioVersion = 10.0.40219.1
Project("{FAE04EC0-301F-11D3-BF4B-00C04F79EFBC}") = "MyFirstCloudMvcWebApp", "MyFirstCloudMvcWebApp\MyFirstCloudMvcWebApp.csproj", "{206061A2-3766-4680-996D-24F336891B76}"
EndProject
Global
	GlobalSection(SolutionConfigurationPlatforms) = preSolution
		Debug|Any CPU = Debug|Any CPU
		Release|Any CPU = Release|Any CPU
	EndGlobalSection
	GlobalSection(ProjectConfigurationPlatforms) = postSolution
		{206061A2-3766-4680-996D-24F336891B76}.Debug|Any CPU.ActiveCfg = Debug|Any CPU
		{206061A2-3766-4680-996D-24F336891B76}.Debug|Any CPU.Build.0 = Debug|Any CPU
		{206061A2-3766-4680-996D-24F336891B76}.Release|Any CPU.ActiveCfg = Release|Any CPU
		{206061A2-3766-4680-996D-24F336891B76}.Release|Any CPU.Build.0 = Release|Any CPU
	EndGlobalSection
	GlobalSection(SolutionProperties) = preSolution
		HideSolutionNode = FALSE
	EndGlobalSection
	GlobalSection(ExtensibilityGlobals) = postSolution
		SolutionGuid = {EE8587B0-205B-484A-AADC-D27D8A78C10F}
	EndGlobalSection
EndGlobal
